# This file is automatically @generated by Cargo.
# It is not intended for manual editing.
version = 4

[[package]]
name = "reverb-cli"
version = "0.1.0"
dependencies = [
 "reverb-hw",
 "reverb-proto",
]

[[package]]
name = "reverb-daemon"
version = "0.1.0"
dependencies = [
 "reverb-hw",
 "reverb-proto",
]

[[package]]
name = "reverb-hw"
version = "0.1.0"
dependencies = [
 "reverb-proto",
]

[[package]]
name = "reverb-proto"
version = "0.1.0"
